Microsoft Visual Studio Solution File, Format Version 12.00
# Visual Studio Version 17
VisualStudioVersion = 17.5.2.0
MinimumVisualStudioVersion = 10.0.40219.1
Project("{FAE04EC0-301F-11D3-BF4B-00C04F79EFBC}") = "GrmTask", "GrmTask.csproj", "{1CA2273C-0CBE-E986-B118-E6A28E9883B4}"
EndProject
Project("{FAE04EC0-301F-11D3-BF4B-00C04F79EFBC}") = "GrmTask.Tests", "GrmTask.Tests\GrmTask.Tests.csproj", "{A1B2C3D4-E5F6-7890-ABCD-EF1234567890}"
EndProject
Global
	GlobalSection(SolutionConfigurationPlatforms) = preSolution
		Debug|Any CPU = Debug|Any CPU
		Release|Any CPU = Release|Any CPU
	EndGlobalSection
	GlobalSection(ProjectConfigurationPlatforms) = postSolution
		{1CA2273C-0CBE-E986-B118-E6A28E9883B4}.Debug|Any CPU.ActiveCfg = Debug|Any CPU
		{1CA2273C-0CBE-E986-B118-E6A28E9883B4}.Debug|Any CPU.Build.0 = Debug|Any CPU
		{1CA2273C-0CBE-E986-B118-E6A28E9883B4}.Release|Any CPU.ActiveCfg = Release|Any CPU
		{1CA2273C-0CBE-E986-B118-E6A28E9883B4}.Release|Any CPU.Build.0 = Release|Any CPU
		{A1B2C3D4-E5F6-7890-ABCD-EF1234567890}.Debug|Any CPU.ActiveCfg = Debug|Any CPU
		{A1B2C3D4-E5F6-7890-ABCD-EF1234567890}.Debug|Any CPU.Build.0 = Debug|Any CPU
		{A1B2C3D4-E5F6-7890-ABCD-EF1234567890}.Release|Any CPU.ActiveCfg = Release|Any CPU
		{A1B2C3D4-E5F6-7890-ABCD-EF1234567890}.Release|Any CPU.Build.0 = Release|Any CPU
	EndGlobalSection
	GlobalSection(SolutionProperties) = preSolution
		HideSolutionNode = FALSE
	EndGlobalSection
	GlobalSection(ExtensibilityGlobals) = postSolution
		SolutionGuid = {7D9203A1-A219-4966-B14B-D185B87CBB45}
	EndGlobalSection
EndGlobal
